
Microsoft Visual Studio Solution File, Format Version 12.00
# Visual Studio Version 16
VisualStudioVersion = 16.0.30413.136
MinimumVisualStudioVersion = 10.0.40219.1
Project("{9A19103F-16F7-4668-BE54-9A1E7A4F7556}") = "StoneWorld", "StoneWorld\StoneWorld.csproj", "{4C235D64-760B-4337-B6D0-11F5A50C6852}"
EndProject
Project("{9A19103F-16F7-4668-BE54-9A1E7A4F7556}") = "StoneWorld_Utility", "..\StoneWorld_Utility\StoneWorld_Utility.csproj", "{A504BEBD-6B59-4F96-A026-2CA330837086}"
EndProject
Global
	GlobalSection(SolutionConfigurationPlatforms) = preSolution
		Debug|Any CPU = Debug|Any CPU
		Release|Any CPU = Release|Any CPU
	EndGlobalSection
	GlobalSection(ProjectConfigurationPlatforms) = postSolution
		{4C235D64-760B-4337-B6D0-11F5A50C6852}.Debug|Any CPU.ActiveCfg = Debug|Any CPU
		{4C235D64-760B-4337-B6D0-11F5A50C6852}.Debug|Any CPU.Build.0 = Debug|Any CPU
		{4C235D64-760B-4337-B6D0-11F5A50C6852}.Release|Any CPU.ActiveCfg = Release|Any CPU
		{4C235D64-760B-4337-B6D0-11F5A50C6852}.Release|Any CPU.Build.0 = Release|Any CPU
		{A504BEBD-6B59-4F96-A026-2CA330837086}.Debug|Any CPU.ActiveCfg = Debug|Any CPU
		{A504BEBD-6B59-4F96-A026-2CA330837086}.Debug|Any CPU.Build.0 = Debug|Any CPU
		{A504BEBD-6B59-4F96-A026-2CA330837086}.Release|Any CPU.ActiveCfg = Release|Any CPU
		{A504BEBD-6B59-4F96-A026-2CA330837086}.Release|Any CPU.Build.0 = Release|Any CPU
	EndGlobalSection
	GlobalSection(SolutionProperties) = preSolution
		HideSolutionNode = FALSE
	EndGlobalSection
	GlobalSection(ExtensibilityGlobals) = postSolution
		SolutionGuid = {25808D84-D9F5-49E1-A862-AAAA3D5AB49E}
	EndGlobalSection
EndGlobal
